
Microsoft Visual Studio Solution File, Format Version 12.00
# Visual Studio Version 17
VisualStudioVersion = 17.6.33815.320
MinimumVisualStudioVersion = 10.0.40219.1
Project("{2150E333-8FDC-42A3-9474-1A3956D46DE8}") = "FrontEnd", "FrontEnd", "{6027AA72-D57D-4952-8D86-C26F9BD94C19}"
EndProject
Project("{2150E333-8FDC-42A3-9474-1A3956D46DE8}") = "Gateway", "Gateway", "{63DA903B-523C-4EB7-8582-0DAB8B10C040}"
EndProject
Project("{2150E333-8FDC-42A3-9474-1A3956D46DE8}") = "Intergration", "Intergration", "{45EEE3DD-FAF2-4729-9F3E-1B6DC9C5B61A}"
EndProject
Project("{2150E333-8FDC-42A3-9474-1A3956D46DE8}") = "Services", "Services", "{05257CC8-AA68-441F-8482-B266F7EE2DA8}"
EndProject
Project("{FAE04EC0-301F-11D3-BF4B-00C04F79EFBC}") = "Mango.Services.CouponAPI", "Mango.Services.CouponAPI\Mango.Services.CouponAPI.csproj", "{5A6711DC-B933-4900-9ED4-BBC8A27861CD}"
EndProject
Project("{FAE04EC0-301F-11D3-BF4B-00C04F79EFBC}") = "Mango.Web", "Mango.Web\Mango.Web.csproj", "{293F633C-1BAE-44FE-982D-607D452E2FF2}"
EndProject
Project("{FAE04EC0-301F-11D3-BF4B-00C04F79EFBC}") = "Mango.Services.AuthAPI", "Mango.Services.AuthAPI\Mango.Services.AuthAPI.csproj", "{D3758F11-E1E5-47C0-B9EA-4CA25E971BE1}"
EndProject
Project("{FAE04EC0-301F-11D3-BF4B-00C04F79EFBC}") = "Mango.Services.ProductAPI", "Mango.Services.ProductAPI\Mango.Services.ProductAPI.csproj", "{2940D5C9-3226-4CE6-956C-0D644DA1190E}"
EndProject
Project("{FAE04EC0-301F-11D3-BF4B-00C04F79EFBC}") = "Mango.Services.ShoppingCartAPI", "Mango.Services.ShoppingCartAPI\Mango.Services.ShoppingCartAPI.csproj", "{8285F717-3F3A-4A65-9EA1-64BB0B87067B}"
EndProject
Project("{FAE04EC0-301F-11D3-BF4B-00C04F79EFBC}") = "Mango.MessageBus", "Mango.MessageBus\Mango.MessageBus.csproj", "{8244A3E3-630C-401B-948A-E3B86E96F496}"
EndProject
Project("{FAE04EC0-301F-11D3-BF4B-00C04F79EFBC}") = "Mango.Services.EmailAPI", "Mango.Services.EmailAPI\Mango.Services.EmailAPI.csproj", "{89106281-D351-45B5-95EE-860376645A55}"
EndProject
Project("{FAE04EC0-301F-11D3-BF4B-00C04F79EFBC}") = "Mango.Services.OrderAPI", "Mango.Services.OrderAPI\Mango.Services.OrderAPI.csproj", "{F293460D-8527-4396-9AFC-17A4E740A945}"
EndProject
Global
	GlobalSection(SolutionConfigurationPlatforms) = preSolution
		Debug|Any CPU = Debug|Any CPU
		Release|Any CPU = Release|Any CPU
	EndGlobalSection
	GlobalSection(ProjectConfigurationPlatforms) = postSolution
		{5A6711DC-B933-4900-9ED4-BBC8A27861CD}.Debug|Any CPU.ActiveCfg = Debug|Any CPU
		{5A6711DC-B933-4900-9ED4-BBC8A27861CD}.Debug|Any CPU.Build.0 = Debug|Any CPU
		{5A6711DC-B933-4900-9ED4-BBC8A27861CD}.Release|Any CPU.ActiveCfg = Release|Any CPU
		{5A6711DC-B933-4900-9ED4-BBC8A27861CD}.Release|Any CPU.Build.0 = Release|Any CPU
		{293F633C-1BAE-44FE-982D-607D452E2FF2}.Debug|Any CPU.ActiveCfg = Debug|Any CPU
		{293F633C-1BAE-44FE-982D-607D452E2FF2}.Debug|Any CPU.Build.0 = Debug|Any CPU
		{293F633C-1BAE-44FE-982D-607D452E2FF2}.Release|Any CPU.ActiveCfg = Release|Any CPU
		{293F633C-1BAE-44FE-982D-607D452E2FF2}.Release|Any CPU.Build.0 = Release|Any CPU
		{D3758F11-E1E5-47C0-B9EA-4CA25E971BE1}.Debug|Any CPU.ActiveCfg = Debug|Any CPU
		{D3758F11-E1E5-47C0-B9EA-4CA25E971BE1}.Debug|Any CPU.Build.0 = Debug|Any CPU
		{D3758F11-E1E5-47C0-B9EA-4CA25E971BE1}.Release|Any CPU.ActiveCfg = Release|Any CPU
		{D3758F11-E1E5-47C0-B9EA-4CA25E971BE1}.Release|Any CPU.Build.0 = Release|Any CPU
		{2940D5C9-3226-4CE6-956C-0D644DA1190E}.Debug|Any CPU.ActiveCfg = Debug|Any CPU
		{2940D5C9-3226-4CE6-956C-0D644DA1190E}.Debug|Any CPU.Build.0 = Debug|Any CPU
		{2940D5C9-3226-4CE6-956C-0D644DA1190E}.Release|Any CPU.ActiveCfg = Release|Any CPU
		{2940D5C9-3226-4CE6-956C-0D644DA1190E}.Release|Any CPU.Build.0 = Release|Any CPU
		{8285F717-3F3A-4A65-9EA1-64BB0B87067B}.Debug|Any CPU.ActiveCfg = Debug|Any CPU
		{8285F717-3F3A-4A65-9EA1-64BB0B87067B}.Debug|Any CPU.Build.0 = Debug|Any CPU
		{8285F717-3F3A-4A65-9EA1-64BB0B87067B}.Release|Any CPU.ActiveCfg = Release|Any CPU
		{8285F717-3F3A-4A65-9EA1-64BB0B87067B}.Release|Any CPU.Build.0 = Release|Any CPU
		{8244A3E3-630C-401B-948A-E3B86E96F496}.Debug|Any CPU.ActiveCfg = Debug|Any CPU
		{8244A3E3-630C-401B-948A-E3B86E96F496}.Debug|Any CPU.Build.0 = Debug|Any CPU
		{8244A3E3-630C-401B-948A-E3B86E96F496}.Release|Any CPU.ActiveCfg = Release|Any CPU
		{8244A3E3-630C-401B-948A-E3B86E96F496}.Release|Any CPU.Build.0 = Release|Any CPU
		{89106281-D351-45B5-95EE-860376645A55}.Debug|Any CPU.ActiveCfg = Debug|Any CPU
		{89106281-D351-45B5-95EE-860376645A55}.Debug|Any CPU.Build.0 = Debug|Any CPU
		{89106281-D351-45B5-95EE-860376645A55}.Release|Any CPU.ActiveCfg = Release|Any CPU
		{89106281-D351-45B5-95EE-860376645A55}.Release|Any CPU.Build.0 = Release|Any CPU
		{F293460D-8527-4396-9AFC-17A4E740A945}.Debug|Any CPU.ActiveCfg = Debug|Any CPU
		{F293460D-8527-4396-9AFC-17A4E740A945}.Debug|Any CPU.Build.0 = Debug|Any CPU
		{F293460D-8527-4396-9AFC-17A4E740A945}.Release|Any CPU.ActiveCfg = Release|Any CPU
		{F293460D-8527-4396-9AFC-17A4E740A945}.Release|Any CPU.Build.0 = Release|Any CPU
	EndGlobalSection
	GlobalSection(SolutionProperties) = preSolution
		HideSolutionNode = FALSE
	EndGlobalSection
	GlobalSection(NestedProjects) = preSolution
		{5A6711DC-B933-4900-9ED4-BBC8A27861CD} = {05257CC8-AA68-441F-8482-B266F7EE2DA8}
		{293F633C-1BAE-44FE-982D-607D452E2FF2} = {6027AA72-D57D-4952-8D86-C26F9BD94C19}
		{D3758F11-E1E5-47C0-B9EA-4CA25E971BE1} = {05257CC8-AA68-441F-8482-B266F7EE2DA8}
		{2940D5C9-3226-4CE6-956C-0D644DA1190E} = {05257CC8-AA68-441F-8482-B266F7EE2DA8}
		{8285F717-3F3A-4A65-9EA1-64BB0B87067B} = {05257CC8-AA68-441F-8482-B266F7EE2DA8}
		{8244A3E3-630C-401B-948A-E3B86E96F496} = {45EEE3DD-FAF2-4729-9F3E-1B6DC9C5B61A}
		{89106281-D351-45B5-95EE-860376645A55} = {05257CC8-AA68-441F-8482-B266F7EE2DA8}
		{F293460D-8527-4396-9AFC-17A4E740A945} = {05257CC8-AA68-441F-8482-B266F7EE2DA8}
	EndGlobalSection
	GlobalSection(ExtensibilityGlobals) = postSolution
		SolutionGuid = {BF33E1CC-3CF9-44A3-B65C-45B3255F8A93}
	EndGlobalSection
EndGlobal
